
Microsoft Visual Studio Solution File, Format Version 11.00
# Visual Studio 2010
Project("{8BC9CEB8-8B4A-11D0-8D11-00A0C91BC942}") = "Coverage", "Coverage\Coverage.vcxproj", "{1651E017-88AC-4E1D-A2E6-6AB795CBBA59}"
EndProject
Project("{8BC9CEB8-8B4A-11D0-8D11-00A0C91BC942}") = "TestApp", "TestApp\Corridor.vcxproj", "{05989A56-EBB3-43C2-A5E9-C105AE33F00B}"
	ProjectSection(ProjectDependencies) = postProject
		{1651E017-88AC-4E1D-A2E6-6AB795CBBA59} = {1651E017-88AC-4E1D-A2E6-6AB795CBBA59}
	EndProjectSection
EndProject
Project("{8BC9CEB8-8B4A-11D0-8D11-00A0C91BC942}") = "BatchSimulation", "BatchSimulation\BatchSimulation.vcxproj", "{5893CA50-3A47-4995-BF43-31142D934F9B}"
	ProjectSection(ProjectDependencies) = postProject
		{1651E017-88AC-4E1D-A2E6-6AB795CBBA59} = {1651E017-88AC-4E1D-A2E6-6AB795CBBA59}
	EndProjectSection
EndProject
Project("{8BC9CEB8-8B4A-11D0-8D11-00A0C91BC942}") = "CoverageConfigurationApp", "CoverageConfigurationApp\CoverageConfigurationApp.vcxproj", "{3F6C69B3-A521-485B-82EA-9D34F2C40519}"
	ProjectSection(ProjectDependencies) = postProject
		{1651E017-88AC-4E1D-A2E6-6AB795CBBA59} = {1651E017-88AC-4E1D-A2E6-6AB795CBBA59}
	EndProjectSection
EndProject
Project("{8BC9CEB8-8B4A-11D0-8D11-00A0C91BC942}") = "SFMLTestApp", "SFMLTestApp\SFMLTestApp.vcxproj", "{CBF3BA8F-F436-4EFE-B726-D1BEAB8E4967}"
EndProject
Global
	GlobalSection(SolutionConfigurationPlatforms) = preSolution
		Debug|Win32 = Debug|Win32
		Debug|x64 = Debug|x64
		Release|Win32 = Release|Win32
		Release|x64 = Release|x64
	EndGlobalSection
	GlobalSection(ProjectConfigurationPlatforms) = postSolution
		{1651E017-88AC-4E1D-A2E6-6AB795CBBA59}.Debug|Win32.ActiveCfg = Debug|Win32
		{1651E017-88AC-4E1D-A2E6-6AB795CBBA59}.Debug|Win32.Build.0 = Debug|Win32
		{1651E017-88AC-4E1D-A2E6-6AB795CBBA59}.Debug|x64.ActiveCfg = Debug|Win32
		{1651E017-88AC-4E1D-A2E6-6AB795CBBA59}.Release|Win32.ActiveCfg = Release|Win32
		{1651E017-88AC-4E1D-A2E6-6AB795CBBA59}.Release|Win32.Build.0 = Release|Win32
		{1651E017-88AC-4E1D-A2E6-6AB795CBBA59}.Release|x64.ActiveCfg = Release|Win32
		{05989A56-EBB3-43C2-A5E9-C105AE33F00B}.Debug|Win32.ActiveCfg = Debug|Win32
		{05989A56-EBB3-43C2-A5E9-C105AE33F00B}.Debug|Win32.Build.0 = Debug|Win32
		{05989A56-EBB3-43C2-A5E9-C105AE33F00B}.Debug|x64.ActiveCfg = Debug|x64
		{05989A56-EBB3-43C2-A5E9-C105AE33F00B}.Debug|x64.Build.0 = Debug|x64
		{05989A56-EBB3-43C2-A5E9-C105AE33F00B}.Release|Win32.ActiveCfg = Release|Win32
		{05989A56-EBB3-43C2-A5E9-C105AE33F00B}.Release|Win32.Build.0 = Release|Win32
		{05989A56-EBB3-43C2-A5E9-C105AE33F00B}.Release|x64.ActiveCfg = Release|x64
		{05989A56-EBB3-43C2-A5E9-C105AE33F00B}.Release|x64.Build.0 = Release|x64
		{5893CA50-3A47-4995-BF43-31142D934F9B}.Debug|Win32.ActiveCfg = Debug|Win32
		{5893CA50-3A47-4995-BF43-31142D934F9B}.Debug|Win32.Build.0 = Debug|Win32
		{5893CA50-3A47-4995-BF43-31142D934F9B}.Debug|x64.ActiveCfg = Debug|Win32
		{5893CA50-3A47-4995-BF43-31142D934F9B}.Release|Win32.ActiveCfg = Release|Win32
		{5893CA50-3A47-4995-BF43-31142D934F9B}.Release|Win32.Build.0 = Release|Win32
		{5893CA50-3A47-4995-BF43-31142D934F9B}.Release|x64.ActiveCfg = Release|Win32
		{3F6C69B3-A521-485B-82EA-9D34F2C40519}.Debug|Win32.ActiveCfg = Debug|Win32
		{3F6C69B3-A521-485B-82EA-9D34F2C40519}.Debug|Win32.Build.0 = Debug|Win32
		{3F6C69B3-A521-485B-82EA-9D34F2C40519}.Debug|x64.ActiveCfg = Debug|Win32
		{3F6C69B3-A521-485B-82EA-9D34F2C40519}.Release|Win32.ActiveCfg = Release|Win32
		{3F6C69B3-A521-485B-82EA-9D34F2C40519}.Release|Win32.Build.0 = Release|Win32
		{3F6C69B3-A521-485B-82EA-9D34F2C40519}.Release|x64.ActiveCfg = Release|Win32
		{CBF3BA8F-F436-4EFE-B726-D1BEAB8E4967}.Debug|Win32.ActiveCfg = Debug|Win32
		{CBF3BA8F-F436-4EFE-B726-D1BEAB8E4967}.Debug|Win32.Build.0 = Debug|Win32
		{CBF3BA8F-F436-4EFE-B726-D1BEAB8E4967}.Debug|x64.ActiveCfg = Debug|Win32
		{CBF3BA8F-F436-4EFE-B726-D1BEAB8E4967}.Release|Win32.ActiveCfg = Release|Win32
		{CBF3BA8F-F436-4EFE-B726-D1BEAB8E4967}.Release|Win32.Build.0 = Release|Win32
		{CBF3BA8F-F436-4EFE-B726-D1BEAB8E4967}.Release|x64.ActiveCfg = Release|Win32
	EndGlobalSection
	GlobalSection(SolutionProperties) = preSolution
		HideSolutionNode = FALSE
	EndGlobalSection
EndGlobal
